PODS:
  - Flutter (3.22.300)

DEPENDENCIES:
  - Flutter (from `../../sdk/ios/Release/Flutter.podspec`)

EXTERNAL SOURCES:
  Flutter:
    :podspec: "../../sdk/ios/Release/Flutter.podspec"

SPEC CHECKSUMS:
  Flutter: eeb1e19722aaa0e49df2e57701650ff58ad8d2dc

PODFILE CHECKSUM: afd9674180f1cd5f475da08f6ef4b2518b7bb0f0

COCOAPODS: 1.15.2
