PODS:
  - Flutter (3.13.500)

DEPENDENCIES:
  - Flutter (from `../../sdk/ios/Release/Flutter.podspec`)

EXTERNAL SOURCES:
  Flutter:
    :podspec: "../../sdk/ios/Release/Flutter.podspec"

SPEC CHECKSUMS:
  Flutter: 7d74140b3b86cf96f3ac1876f32a22fcf5a4aa7b

PODFILE CHECKSUM: afd9674180f1cd5f475da08f6ef4b2518b7bb0f0

COCOAPODS: 1.15.2
