// !$*UTF8*$!
{
	archiveVersion = 1;
	classes = {
	};
	objectVersion = 56;
	objects = {

/* Begin PBXBuildFile section */
		46D13EA7478F7BD3196C40F0 /* Pods_ios_example.framework in Frameworks */ = {isa = PBXBuildFile; fileRef = A599D1D19CF0F7D667169924 /* Pods_ios_example.framework */; };
		48CDDD23EFC2756627777F6D /* Pods_ios_exampleTests.framework in Frameworks */ = {isa = PBXBuildFile; fileRef = 2BB1C8C4F133247B193E8770 /* Pods_ios_exampleTests.framework */; };
		860643992C905A71004B6F0E /* ContentView.swift in Sources */ = {isa = PBXBuildFile; fileRef = 860643942C905A71004B6F0E /* ContentView.swift */; };
		8606439A2C905A71004B6F0E /* HomeView.swift in Sources */ = {isa = PBXBuildFile; fileRef = 860643952C905A71004B6F0E /* HomeView.swift */; };
		8606439C2C905A71004B6F0E /* ios_exampleApp.swift in Sources */ = {isa = PBXBuildFile; fileRef = 860643972C905A71004B6F0E /* ios_exampleApp.swift */; };
		8606439D2C905A71004B6F0E /* Constant.swift in Sources */ = {isa = PBXBuildFile; fileRef = 860643982C905A71004B6F0E /* Constant.swift */; };
		860643A32C905A79004B6F0E /* WalletContentView.swift in Sources */ = {isa = PBXBuildFile; fileRef = 8606439E2C905A79004B6F0E /* WalletContentView.swift */; };
		860643A42C905A79004B6F0E /* WebView.swift in Sources */ = {isa = PBXBuildFile; fileRef = 8606439F2C905A79004B6F0E /* WebView.swift */; };
		86757DDA2C9AC3CE001BB52C /* App.xcframework in Frameworks */ = {isa = PBXBuildFile; fileRef = 86757DC12C9AC3C6001BB52C /* App.xcframework */; };
		86757DDB2C9AC3CE001BB52C /* App.xcframework in Embed Frameworks */ = {isa = PBXBuildFile; fileRef = 86757DC12C9AC3C6001BB52C /* App.xcframework */; settings = {ATTRIBUTES = (CodeSignOnCopy, RemoveHeadersOnCopy, ); }; };
		86757DDC2C9AC3CE001BB52C /* device_info_plus.xcframework in Frameworks */ = {isa = PBXBuildFile; fileRef = 86757DC02C9AC3C6001BB52C /* device_info_plus.xcframework */; };
		86757DDD2C9AC3CE001BB52C /* device_info_plus.xcframework in Embed Frameworks */ = {isa = PBXBuildFile; fileRef = 86757DC02C9AC3C6001BB52C /* device_info_plus.xcframework */; settings = {ATTRIBUTES = (CodeSignOnCopy, RemoveHeadersOnCopy, ); }; };
		86757DDE2C9AC3CF001BB52C /* flutter_inappwebview_ios.xcframework in Frameworks */ = {isa = PBXBuildFile; fileRef = 86757DB22C9AC3C6001BB52C /* flutter_inappwebview_ios.xcframework */; };
		86757DDF2C9AC3CF001BB52C /* flutter_inappwebview_ios.xcframework in Embed Frameworks */ = {isa = PBXBuildFile; fileRef = 86757DB22C9AC3C6001BB52C /* flutter_inappwebview_ios.xcframework */; settings = {ATTRIBUTES = (CodeSignOnCopy, RemoveHeadersOnCopy, ); }; };
		86757DE02C9AC3CF001BB52C /* flutter_secure_storage.xcframework in Frameworks */ = {isa = PBXBuildFile; fileRef = 86757DBE2C9AC3C6001BB52C /* flutter_secure_storage.xcframework */; };
		86757DE12C9AC3CF001BB52C /* flutter_secure_storage.xcframework in Embed Frameworks */ = {isa = PBXBuildFile; fileRef = 86757DBE2C9AC3C6001BB52C /* flutter_secure_storage.xcframework */; settings = {ATTRIBUTES = (CodeSignOnCopy, RemoveHeadersOnCopy, ); }; };
		86757DE22C9AC3CF001BB52C /* flutter_udid.xcframework in Frameworks */ = {isa = PBXBuildFile; fileRef = 86757DB72C9AC3C6001BB52C /* flutter_udid.xcframework */; };
		86757DE32C9AC3CF001BB52C /* flutter_udid.xcframework in Embed Frameworks */ = {isa = PBXBuildFile; fileRef = 86757DB72C9AC3C6001BB52C /* flutter_udid.xcframework */; settings = {ATTRIBUTES = (CodeSignOnCopy, RemoveHeadersOnCopy, ); }; };
		86757DE42C9AC3CF001BB52C /* FlutterPluginRegistrant.xcframework in Frameworks */ = {isa = PBXBuildFile; fileRef = 86757DAE2C9AC3C6001BB52C /* FlutterPluginRegistrant.xcframework */; };
		86757DE52C9AC3CF001BB52C /* FlutterPluginRegistrant.xcframework in Embed Frameworks */ = {isa = PBXBuildFile; fileRef = 86757DAE2C9AC3C6001BB52C /* FlutterPluginRegistrant.xcframework */; settings = {ATTRIBUTES = (CodeSignOnCopy, RemoveHeadersOnCopy, ); }; };
		86757DE62C9AC3CF001BB52C /* MTBBarcodeScanner.xcframework in Frameworks */ = {isa = PBXBuildFile; fileRef = 86757DBB2C9AC3C6001BB52C /* MTBBarcodeScanner.xcframework */; };
		86757DE72C9AC3CF001BB52C /* MTBBarcodeScanner.xcframework in Embed Frameworks */ = {isa = PBXBuildFile; fileRef = 86757DBB2C9AC3C6001BB52C /* MTBBarcodeScanner.xcframework */; settings = {ATTRIBUTES = (CodeSignOnCopy, RemoveHeadersOnCopy, ); }; };
		86757DE82C9AC3CF001BB52C /* OrderedSet.xcframework in Frameworks */ = {isa = PBXBuildFile; fileRef = 86757DB62C9AC3C6001BB52C /* OrderedSet.xcframework */; };
		86757DE92C9AC3CF001BB52C /* OrderedSet.xcframework in Embed Frameworks */ = {isa = PBXBuildFile; fileRef = 86757DB62C9AC3C6001BB52C /* OrderedSet.xcframework */; settings = {ATTRIBUTES = (CodeSignOnCopy, RemoveHeadersOnCopy, ); }; };
		86757DEA2C9AC3CF001BB52C /* package_info_plus.xcframework in Frameworks */ = {isa = PBXBuildFile; fileRef = 86757DC22C9AC3C6001BB52C /* package_info_plus.xcframework */; };
		86757DEB2C9AC3CF001BB52C /* package_info_plus.xcframework in Embed Frameworks */ = {isa = PBXBuildFile; fileRef = 86757DC22C9AC3C6001BB52C /* package_info_plus.xcframework */; settings = {ATTRIBUTES = (CodeSignOnCopy, RemoveHeadersOnCopy, ); }; };
		86757DEC2C9AC3CF001BB52C /* package_info.xcframework in Frameworks */ = {isa = PBXBuildFile; fileRef = 86757DAF2C9AC3C6001BB52C /* package_info.xcframework */; };
		86757DED2C9AC3CF001BB52C /* package_info.xcframework in Embed Frameworks */ = {isa = PBXBuildFile; fileRef = 86757DAF2C9AC3C6001BB52C /* package_info.xcframework */; settings = {ATTRIBUTES = (CodeSignOnCopy, RemoveHeadersOnCopy, ); }; };
		86757DEE2C9AC3CF001BB52C /* path_provider_foundation.xcframework in Frameworks */ = {isa = PBXBuildFile; fileRef = 86757DB02C9AC3C6001BB52C /* path_provider_foundation.xcframework */; };
		86757DEF2C9AC3CF001BB52C /* path_provider_foundation.xcframework in Embed Frameworks */ = {isa = PBXBuildFile; fileRef = 86757DB02C9AC3C6001BB52C /* path_provider_foundation.xcframework */; settings = {ATTRIBUTES = (CodeSignOnCopy, RemoveHeadersOnCopy, ); }; };
		86757DF02C9AC3CF001BB52C /* photo_manager.xcframework in Frameworks */ = {isa = PBXBuildFile; fileRef = 86757DBA2C9AC3C6001BB52C /* photo_manager.xcframework */; };
		86757DF12C9AC3CF001BB52C /* photo_manager.xcframework in Embed Frameworks */ = {isa = PBXBuildFile; fileRef = 86757DBA2C9AC3C6001BB52C /* photo_manager.xcframework */; settings = {ATTRIBUTES = (CodeSignOnCopy, RemoveHeadersOnCopy, ); }; };
		86757DF22C9AC3D2001BB52C /* qr_code_scanner.xcframework in Frameworks */ = {isa = PBXBuildFile; fileRef = 86757DB82C9AC3C6001BB52C /* qr_code_scanner.xcframework */; };
		86757DF32C9AC3D2001BB52C /* qr_code_scanner.xcframework in Embed Frameworks */ = {isa = PBXBuildFile; fileRef = 86757DB82C9AC3C6001BB52C /* qr_code_scanner.xcframework */; settings = {ATTRIBUTES = (CodeSignOnCopy, RemoveHeadersOnCopy, ); }; };
		86757DF42C9AC3D2001BB52C /* SAMKeychain.xcframework in Frameworks */ = {isa = PBXBuildFile; fileRef = 86757DB12C9AC3C6001BB52C /* SAMKeychain.xcframework */; };
		86757DF52C9AC3D2001BB52C /* SAMKeychain.xcframework in Embed Frameworks */ = {isa = PBXBuildFile; fileRef = 86757DB12C9AC3C6001BB52C /* SAMKeychain.xcframework */; settings = {ATTRIBUTES = (CodeSignOnCopy, RemoveHeadersOnCopy, ); }; };
		86757DF62C9AC3D3001BB52C /* scan.xcframework in Frameworks */ = {isa = PBXBuildFile; fileRef = 86757DB92C9AC3C6001BB52C /* scan.xcframework */; };
		86757DF72C9AC3D3001BB52C /* scan.xcframework in Embed Frameworks */ = {isa = PBXBuildFile; fileRef = 86757DB92C9AC3C6001BB52C /* scan.xcframework */; settings = {ATTRIBUTES = (CodeSignOnCopy, RemoveHeadersOnCopy, ); }; };
		86757DF82C9AC3D3001BB52C /* sentry_flutter.xcframework in Frameworks */ = {isa = PBXBuildFile; fileRef = 86757DBC2C9AC3C6001BB52C /* sentry_flutter.xcframework */; };
		86757DF92C9AC3D3001BB52C /* sentry_flutter.xcframework in Embed Frameworks */ = {isa = PBXBuildFile; fileRef = 86757DBC2C9AC3C6001BB52C /* sentry_flutter.xcframework */; settings = {ATTRIBUTES = (CodeSignOnCopy, RemoveHeadersOnCopy, ); }; };
		86757DFA2C9AC3D3001BB52C /* Sentry.xcframework in Frameworks */ = {isa = PBXBuildFile; fileRef = 86757DB42C9AC3C6001BB52C /* Sentry.xcframework */; };
		86757DFB2C9AC3D3001BB52C /* Sentry.xcframework in Embed Frameworks */ = {isa = PBXBuildFile; fileRef = 86757DB42C9AC3C6001BB52C /* Sentry.xcframework */; settings = {ATTRIBUTES = (CodeSignOnCopy, RemoveHeadersOnCopy, ); }; };
		86757DFC2C9AC3D3001BB52C /* share_plus.xcframework in Frameworks */ = {isa = PBXBuildFile; fileRef = 86757DB32C9AC3C6001BB52C /* share_plus.xcframework */; };
		86757DFD2C9AC3D3001BB52C /* share_plus.xcframework in Embed Frameworks */ = {isa = PBXBuildFile; fileRef = 86757DB32C9AC3C6001BB52C /* share_plus.xcframework */; settings = {ATTRIBUTES = (CodeSignOnCopy, RemoveHeadersOnCopy, ); }; };
		86757DFE2C9AC3D3001BB52C /* shared_preferences_foundation.xcframework in Frameworks */ = {isa = PBXBuildFile; fileRef = 86757DB52C9AC3C6001BB52C /* shared_preferences_foundation.xcframework */; };
		86757DFF2C9AC3D3001BB52C /* shared_preferences_foundation.xcframework in Embed Frameworks */ = {isa = PBXBuildFile; fileRef = 86757DB52C9AC3C6001BB52C /* shared_preferences_foundation.xcframework */; settings = {ATTRIBUTES = (CodeSignOnCopy, RemoveHeadersOnCopy, ); }; };
		86757E002C9AC3D3001BB52C /* sqflite.xcframework in Frameworks */ = {isa = PBXBuildFile; fileRef = 86757DBF2C9AC3C6001BB52C /* sqflite.xcframework */; };
		86757E012C9AC3D3001BB52C /* sqflite.xcframework in Embed Frameworks */ = {isa = PBXBuildFile; fileRef = 86757DBF2C9AC3C6001BB52C /* sqflite.xcframework */; settings = {ATTRIBUTES = (CodeSignOnCopy, RemoveHeadersOnCopy, ); }; };
		86757E022C9AC3D3001BB52C /* url_launcher_ios.xcframework in Frameworks */ = {isa = PBXBuildFile; fileRef = 86757DC32C9AC3C6001BB52C /* url_launcher_ios.xcframework */; };
		86757E032C9AC3D3001BB52C /* url_launcher_ios.xcframework in Embed Frameworks */ = {isa = PBXBuildFile; fileRef = 86757DC32C9AC3C6001BB52C /* url_launcher_ios.xcframework */; settings = {ATTRIBUTES = (CodeSignOnCopy, RemoveHeadersOnCopy, ); }; };
		86757E042C9AC3D3001BB52C /* video_player_avfoundation.xcframework in Frameworks */ = {isa = PBXBuildFile; fileRef = 86757DBD2C9AC3C6001BB52C /* video_player_avfoundation.xcframework */; };
		86757E052C9AC3D3001BB52C /* video_player_avfoundation.xcframework in Embed Frameworks */ = {isa = PBXBuildFile; fileRef = 86757DBD2C9AC3C6001BB52C /* video_player_avfoundation.xcframework */; settings = {ATTRIBUTES = (CodeSignOnCopy, RemoveHeadersOnCopy, ); }; };
		867B8C2E2BABCE8500968628 /* KgSDKService.swift in Sources */ = {isa = PBXBuildFile; fileRef = 867B8C2D2BABCE8500968628 /* KgSDKService.swift */; };
		86C668492C92B8EB00BC15DC /* SDKView.swift in Sources */ = {isa = PBXBuildFile; fileRef = 86C668482C92B8EB00BC15DC /* SDKView.swift */; };
		86CDF6CB2B95AC1D001895C7 /* Assets.xcassets in Resources */ = {isa = PBXBuildFile; fileRef = 86CDF6CA2B95AC1D001895C7 /* Assets.xcassets */; };
		86CDF6CE2B95AC1D001895C7 /* Preview Assets.xcassets in Resources */ = {isa = PBXBuildFile; fileRef = 86CDF6CD2B95AC1D001895C7 /* Preview Assets.xcassets */; };
		86CDF6D82B95AC1D001895C7 /* ios_exampleTests.swift in Sources */ = {isa = PBXBuildFile; fileRef = 86CDF6D72B95AC1D001895C7 /* ios_exampleTests.swift */; };
		86CDF6E22B95AC1D001895C7 /* ios_exampleUITests.swift in Sources */ = {isa = PBXBuildFile; fileRef = 86CDF6E12B95AC1D001895C7 /* ios_exampleUITests.swift */; };
		86CDF6E42B95AC1D001895C7 /* ios_exampleUITestsLaunchTests.swift in Sources */ = {isa = PBXBuildFile; fileRef = 86CDF6E32B95AC1D001895C7 /* ios_exampleUITestsLaunchTests.swift */; };
		86CDF7182B95AEA1001895C7 /* VerifyPageView.swift in Sources */ = {isa = PBXBuildFile; fileRef = 86CDF7172B95AEA1001895C7 /* VerifyPageView.swift */; };
		86CDF71A2B95AEBB001895C7 /* VerifyPageViewController.swift in Sources */ = {isa = PBXBuildFile; fileRef = 86CDF7192B95AEBB001895C7 /* VerifyPageViewController.swift */; };
		88751F3ABD738F64787CF8CC /* Pods_ios_example_ios_exampleUITests.framework in Frameworks */ = {isa = PBXBuildFile; fileRef = 858641F33F58AFE92A7C4448 /* Pods_ios_example_ios_exampleUITests.framework */; };
/* End PBXBuildFile section */

/* Begin PBXContainerItemProxy section */
		86CDF6D42B95AC1D001895C7 /* PBXContainerItemProxy */ = {
			isa = PBXContainerItemProxy;
			containerPortal = 86CDF6BB2B95AC1C001895C7 /* Project object */;
			proxyType = 1;
			remoteGlobalIDString = 86CDF6C22B95AC1C001895C7;
			remoteInfo = ios_example;
		};
		86CDF6DE2B95AC1D001895C7 /* PBXContainerItemProxy */ = {
			isa = PBXContainerItemProxy;
			containerPortal = 86CDF6BB2B95AC1C001895C7 /* Project object */;
			proxyType = 1;
			remoteGlobalIDString = 86CDF6C22B95AC1C001895C7;
			remoteInfo = ios_example;
		};
/* End PBXContainerItemProxy section */

/* Begin PBXCopyFilesBuildPhase section */
		86CDF7042B95AE1C001895C7 /* Embed Frameworks */ = {
			isa = PBXCopyFilesBuildPhase;
			buildActionMask = 2147483647;
			dstPath = "";
			dstSubfolderSpec = 10;
			files = (
				86757DDB2C9AC3CE001BB52C /* App.xcframework in Embed Frameworks */,
				86757DFD2C9AC3D3001BB52C /* share_plus.xcframework in Embed Frameworks */,
				86757DFF2C9AC3D3001BB52C /* shared_preferences_foundation.xcframework in Embed Frameworks */,
				86757DE32C9AC3CF001BB52C /* flutter_udid.xcframework in Embed Frameworks */,
				86757DF32C9AC3D2001BB52C /* qr_code_scanner.xcframework in Embed Frameworks */,
				86757DEF2C9AC3CF001BB52C /* path_provider_foundation.xcframework in Embed Frameworks */,
				86757DE72C9AC3CF001BB52C /* MTBBarcodeScanner.xcframework in Embed Frameworks */,
				86757DFB2C9AC3D3001BB52C /* Sentry.xcframework in Embed Frameworks */,
				86757DF52C9AC3D2001BB52C /* SAMKeychain.xcframework in Embed Frameworks */,
				86757DF12C9AC3CF001BB52C /* photo_manager.xcframework in Embed Frameworks */,
				86757E052C9AC3D3001BB52C /* video_player_avfoundation.xcframework in Embed Frameworks */,
				86757DE12C9AC3CF001BB52C /* flutter_secure_storage.xcframework in Embed Frameworks */,
				86757DF72C9AC3D3001BB52C /* scan.xcframework in Embed Frameworks */,
				86757DDD2C9AC3CE001BB52C /* device_info_plus.xcframework in Embed Frameworks */,
				86757DE52C9AC3CF001BB52C /* FlutterPluginRegistrant.xcframework in Embed Frameworks */,
				86757E012C9AC3D3001BB52C /* sqflite.xcframework in Embed Frameworks */,
				86757E032C9AC3D3001BB52C /* url_launcher_ios.xcframework in Embed Frameworks */,
				86757DF92C9AC3D3001BB52C /* sentry_flutter.xcframework in Embed Frameworks */,
				86757DE92C9AC3CF001BB52C /* OrderedSet.xcframework in Embed Frameworks */,
				86757DDF2C9AC3CF001BB52C /* flutter_inappwebview_ios.xcframework in Embed Frameworks */,
				86757DED2C9AC3CF001BB52C /* package_info.xcframework in Embed Frameworks */,
				86757DEB2C9AC3CF001BB52C /* package_info_plus.xcframework in Embed Frameworks */,
			);
			name = "Embed Frameworks";
			runOnlyForDeploymentPostprocessing = 0;
		};
/* End PBXCopyFilesBuildPhase section */

/* Begin PBXFileReference section */
		2BB1C8C4F133247B193E8770 /* Pods_ios_exampleTests.framework */ = {isa = PBXFileReference; explicitFileType = wrapper.framework; includeInIndex = 0; path = Pods_ios_exampleTests.framework; sourceTree = BUILT_PRODUCTS_DIR; };
		6550A45902E96B54B8DD7E7E /* Pods-ios_example.release.xcconfig */ = {isa = PBXFileReference; includeInIndex = 1; lastKnownFileType = text.xcconfig; name = "Pods-ios_example.release.xcconfig"; path = "Target Support Files/Pods-ios_example/Pods-ios_example.release.xcconfig"; sourceTree = "<group>"; };
		70A506BB337769AEB9314789 /* Pods-ios_example-ios_exampleUITests.release.xcconfig */ = {isa = PBXFileReference; includeInIndex = 1; lastKnownFileType = text.xcconfig; name = "Pods-ios_example-ios_exampleUITests.release.xcconfig"; path = "Target Support Files/Pods-ios_example-ios_exampleUITests/Pods-ios_example-ios_exampleUITests.release.xcconfig"; sourceTree = "<group>"; };
		83E44D129E170087E19E0F74 /* Pods-ios_example-ios_exampleUITests.debug.xcconfig */ = {isa = PBXFileReference; includeInIndex = 1; lastKnownFileType = text.xcconfig; name = "Pods-ios_example-ios_exampleUITests.debug.xcconfig"; path = "Target Support Files/Pods-ios_example-ios_exampleUITests/Pods-ios_example-ios_exampleUITests.debug.xcconfig"; sourceTree = "<group>"; };
		84D430B5B6039E520AA467AF /* Pods-ios_exampleTests.release.xcconfig */ = {isa = PBXFileReference; includeInIndex = 1; lastKnownFileType = text.xcconfig; name = "Pods-ios_exampleTests.release.xcconfig"; path = "Target Support Files/Pods-ios_exampleTests/Pods-ios_exampleTests.release.xcconfig"; sourceTree = "<group>"; };
		858641F33F58AFE92A7C4448 /* Pods_ios_example_ios_exampleUITests.framework */ = {isa = PBXFileReference; explicitFileType = wrapper.framework; includeInIndex = 0; path = Pods_ios_example_ios_exampleUITests.framework; sourceTree = BUILT_PRODUCTS_DIR; };
		860643942C905A71004B6F0E /* ContentView.swift */ = {isa = PBXFileReference; fileEncoding = 4; lastKnownFileType = sourcecode.swift; path = ContentView.swift; sourceTree = "<group>"; };
		860643952C905A71004B6F0E /* HomeView.swift */ = {isa = PBXFileReference; fileEncoding = 4; lastKnownFileType = sourcecode.swift; path = HomeView.swift; sourceTree = "<group>"; };
		860643972C905A71004B6F0E /* ios_exampleApp.swift */ = {isa = PBXFileReference; fileEncoding = 4; lastKnownFileType = sourcecode.swift; path = ios_exampleApp.swift; sourceTree = "<group>"; };
		860643982C905A71004B6F0E /* Constant.swift */ = {isa = PBXFileReference; fileEncoding = 4; lastKnownFileType = sourcecode.swift; path = Constant.swift; sourceTree = "<group>"; };
		8606439E2C905A79004B6F0E /* WalletContentView.swift */ = {isa = PBXFileReference; fileEncoding = 4; lastKnownFileType = sourcecode.swift; path = WalletContentView.swift; sourceTree = "<group>"; };
		8606439F2C905A79004B6F0E /* WebView.swift */ = {isa = PBXFileReference; fileEncoding = 4; lastKnownFileType = sourcecode.swift; path = WebView.swift; sourceTree = "<group>"; };
		861873882BC6856700A969D6 /* device_info_plus.xcframework */ = {isa = PBXFileReference; lastKnownFileType = wrapper.xcframework; name = device_info_plus.xcframework; path = ../kg_sdk/ios_sdk/Flutter/Debug/device_info_plus.xcframework; sourceTree = "<group>"; };
		8664F3CF2BAAC8DA002712C5 /* package_info_plus.xcframework */ = {isa = PBXFileReference; lastKnownFileType = wrapper.xcframework; name = package_info_plus.xcframework; path = "../../kg-flutter/packages/kg_sdk/ios_sdk/Flutter/Debug/package_info_plus.xcframework"; sourceTree = "<group>"; };
		8664F3D12BAAC8E3002712C5 /* sentry_flutter.xcframework */ = {isa = PBXFileReference; lastKnownFileType = wrapper.xcframework; name = sentry_flutter.xcframework; path = "../../kg-flutter/packages/kg_sdk/ios_sdk/Flutter/Debug/sentry_flutter.xcframework"; sourceTree = "<group>"; };
		8664F3D32BAAC8E6002712C5 /* Sentry.xcframework */ = {isa = PBXFileReference; lastKnownFileType = wrapper.xcframework; name = Sentry.xcframework; path = "../../kg-flutter/packages/kg_sdk/ios_sdk/Flutter/Debug/Sentry.xcframework"; sourceTree = "<group>"; };
		8664F3D52BAAC8EA002712C5 /* SentryPrivate.xcframework */ = {isa = PBXFileReference; lastKnownFileType = wrapper.xcframework; name = SentryPrivate.xcframework; path = "../../kg-flutter/packages/kg_sdk/ios_sdk/Flutter/Debug/SentryPrivate.xcframework"; sourceTree = "<group>"; };
		8664F3D72BAAC8F0002712C5 /* share_plus.xcframework */ = {isa = PBXFileReference; lastKnownFileType = wrapper.xcframework; name = share_plus.xcframework; path = "../../kg-flutter/packages/kg_sdk/ios_sdk/Flutter/Debug/share_plus.xcframework"; sourceTree = "<group>"; };
		8664F3D92BAAC8FA002712C5 /* url_launcher_ios.xcframework */ = {isa = PBXFileReference; lastKnownFileType = wrapper.xcframework; name = url_launcher_ios.xcframework; path = "../../kg-flutter/packages/kg_sdk/ios_sdk/Flutter/Debug/url_launcher_ios.xcframework"; sourceTree = "<group>"; };
		86757DAE2C9AC3C6001BB52C /* FlutterPluginRegistrant.xcframework */ = {isa = PBXFileReference; lastKnownFileType = wrapper.xcframework; name = FlutterPluginRegistrant.xcframework; path = ../../sdk/ios/Debug/FlutterPluginRegistrant.xcframework; sourceTree = "<group>"; };
		86757DAF2C9AC3C6001BB52C /* package_info.xcframework */ = {isa = PBXFileReference; lastKnownFileType = wrapper.xcframework; name = package_info.xcframework; path = ../../sdk/ios/Debug/package_info.xcframework; sourceTree = "<group>"; };
		86757DB02C9AC3C6001BB52C /* path_provider_foundation.xcframework */ = {isa = PBXFileReference; lastKnownFileType = wrapper.xcframework; name = path_provider_foundation.xcframework; path = ../../sdk/ios/Debug/path_provider_foundation.xcframework; sourceTree = "<group>"; };
		86757DB12C9AC3C6001BB52C /* SAMKeychain.xcframework */ = {isa = PBXFileReference; lastKnownFileType = wrapper.xcframework; name = SAMKeychain.xcframework; path = ../../sdk/ios/Debug/SAMKeychain.xcframework; sourceTree = "<group>"; };
		86757DB22C9AC3C6001BB52C /* flutter_inappwebview_ios.xcframework */ = {isa = PBXFileReference; lastKnownFileType = wrapper.xcframework; name = flutter_inappwebview_ios.xcframework; path = ../../sdk/ios/Debug/flutter_inappwebview_ios.xcframework; sourceTree = "<group>"; };
		86757DB32C9AC3C6001BB52C /* share_plus.xcframework */ = {isa = PBXFileReference; lastKnownFileType = wrapper.xcframework; name = share_plus.xcframework; path = ../../sdk/ios/Debug/share_plus.xcframework; sourceTree = "<group>"; };
		86757DB42C9AC3C6001BB52C /* Sentry.xcframework */ = {isa = PBXFileReference; lastKnownFileType = wrapper.xcframework; name = Sentry.xcframework; path = ../../sdk/ios/Debug/Sentry.xcframework; sourceTree = "<group>"; };
		86757DB52C9AC3C6001BB52C /* shared_preferences_foundation.xcframework */ = {isa = PBXFileReference; lastKnownFileType = wrapper.xcframework; name = shared_preferences_foundation.xcframework; path = ../../sdk/ios/Debug/shared_preferences_foundation.xcframework; sourceTree = "<group>"; };
		86757DB62C9AC3C6001BB52C /* OrderedSet.xcframework */ = {isa = PBXFileReference; lastKnownFileType = wrapper.xcframework; name = OrderedSet.xcframework; path = ../../sdk/ios/Debug/OrderedSet.xcframework; sourceTree = "<group>"; };
		86757DB72C9AC3C6001BB52C /* flutter_udid.xcframework */ = {isa = PBXFileReference; lastKnownFileType = wrapper.xcframework; name = flutter_udid.xcframework; path = ../../sdk/ios/Debug/flutter_udid.xcframework; sourceTree = "<group>"; };
		86757DB82C9AC3C6001BB52C /* qr_code_scanner.xcframework */ = {isa = PBXFileReference; lastKnownFileType = wrapper.xcframework; name = qr_code_scanner.xcframework; path = ../../sdk/ios/Debug/qr_code_scanner.xcframework; sourceTree = "<group>"; };
		86757DB92C9AC3C6001BB52C /* scan.xcframework */ = {isa = PBXFileReference; lastKnownFileType = wrapper.xcframework; name = scan.xcframework; path = ../../sdk/ios/Debug/scan.xcframework; sourceTree = "<group>"; };
		86757DBA2C9AC3C6001BB52C /* photo_manager.xcframework */ = {isa = PBXFileReference; lastKnownFileType = wrapper.xcframework; name = photo_manager.xcframework; path = ../../sdk/ios/Debug/photo_manager.xcframework; sourceTree = "<group>"; };
		86757DBB2C9AC3C6001BB52C /* MTBBarcodeScanner.xcframework */ = {isa = PBXFileReference; lastKnownFileType = wrapper.xcframework; name = MTBBarcodeScanner.xcframework; path = ../../sdk/ios/Debug/MTBBarcodeScanner.xcframework; sourceTree = "<group>"; };
		86757DBC2C9AC3C6001BB52C /* sentry_flutter.xcframework */ = {isa = PBXFileReference; lastKnownFileType = wrapper.xcframework; name = sentry_flutter.xcframework; path = ../../sdk/ios/Debug/sentry_flutter.xcframework; sourceTree = "<group>"; };
		86757DBD2C9AC3C6001BB52C /* video_player_avfoundation.xcframework */ = {isa = PBXFileReference; lastKnownFileType = wrapper.xcframework; name = video_player_avfoundation.xcframework; path = ../../sdk/ios/Debug/video_player_avfoundation.xcframework; sourceTree = "<group>"; };
		86757DBE2C9AC3C6001BB52C /* flutter_secure_storage.xcframework */ = {isa = PBXFileReference; lastKnownFileType = wrapper.xcframework; name = flutter_secure_storage.xcframework; path = ../../sdk/ios/Debug/flutter_secure_storage.xcframework; sourceTree = "<group>"; };
		86757DBF2C9AC3C6001BB52C /* sqflite.xcframework */ = {isa = PBXFileReference; lastKnownFileType = wrapper.xcframework; name = sqflite.xcframework; path = ../../sdk/ios/Debug/sqflite.xcframework; sourceTree = "<group>"; };
		86757DC02C9AC3C6001BB52C /* device_info_plus.xcframework */ = {isa = PBXFileReference; lastKnownFileType = wrapper.xcframework; name = device_info_plus.xcframework; path = ../../sdk/ios/Debug/device_info_plus.xcframework; sourceTree = "<group>"; };
		86757DC12C9AC3C6001BB52C /* App.xcframework */ = {isa = PBXFileReference; lastKnownFileType = wrapper.xcframework; name = App.xcframework; path = ../../sdk/ios/Debug/App.xcframework; sourceTree = "<group>"; };
		86757DC22C9AC3C6001BB52C /* package_info_plus.xcframework */ = {isa = PBXFileReference; lastKnownFileType = wrapper.xcframework; name = package_info_plus.xcframework; path = ../../sdk/ios/Debug/package_info_plus.xcframework; sourceTree = "<group>"; };
		86757DC32C9AC3C6001BB52C /* url_launcher_ios.xcframework */ = {isa = PBXFileReference; lastKnownFileType = wrapper.xcframework; name = url_launcher_ios.xcframework; path = ../../sdk/ios/Debug/url_launcher_ios.xcframework; sourceTree = "<group>"; };
		867B8C152BAACBC800968628 /* package_info_plus.xcframework */ = {isa = PBXFileReference; lastKnownFileType = wrapper.xcframework; name = package_info_plus.xcframework; path = ../kg_sdk/ios_sdk/Flutter/Debug/package_info_plus.xcframework; sourceTree = "<group>"; };
		867B8C172BAACBCF00968628 /* sentry_flutter.xcframework */ = {isa = PBXFileReference; lastKnownFileType = wrapper.xcframework; name = sentry_flutter.xcframework; path = ../kg_sdk/ios_sdk/Flutter/Debug/sentry_flutter.xcframework; sourceTree = "<group>"; };
		867B8C192BAACBD300968628 /* Sentry.xcframework */ = {isa = PBXFileReference; lastKnownFileType = wrapper.xcframework; name = Sentry.xcframework; path = ../kg_sdk/ios_sdk/Flutter/Debug/Sentry.xcframework; sourceTree = "<group>"; };
		867B8C1B2BAACBD500968628 /* SentryPrivate.xcframework */ = {isa = PBXFileReference; lastKnownFileType = wrapper.xcframework; name = SentryPrivate.xcframework; path = ../kg_sdk/ios_sdk/Flutter/Debug/SentryPrivate.xcframework; sourceTree = "<group>"; };
		867B8C1D2BAACBDB00968628 /* share_plus.xcframework */ = {isa = PBXFileReference; lastKnownFileType = wrapper.xcframework; name = share_plus.xcframework; path = ../kg_sdk/ios_sdk/Flutter/Debug/share_plus.xcframework; sourceTree = "<group>"; };
		867B8C1F2BAACBE100968628 /* url_launcher_ios.xcframework */ = {isa = PBXFileReference; lastKnownFileType = wrapper.xcframework; name = url_launcher_ios.xcframework; path = ../kg_sdk/ios_sdk/Flutter/Debug/url_launcher_ios.xcframework; sourceTree = "<group>"; };
		867B8C2D2BABCE8500968628 /* KgSDKService.swift */ = {isa = PBXFileReference; fileEncoding = 4; lastKnownFileType = sourcecode.swift; path = KgSDKService.swift; sourceTree = "<group>"; };
		8692B05B2BD7529300ECC559 /* flutter_udid.xcframework */ = {isa = PBXFileReference; lastKnownFileType = wrapper.xcframework; name = flutter_udid.xcframework; path = ../kg_sdk/ios_sdk/Flutter/Debug/flutter_udid.xcframework; sourceTree = "<group>"; };
		8692B05D2BD752ED00ECC559 /* SAMKeychain.xcframework */ = {isa = PBXFileReference; lastKnownFileType = wrapper.xcframework; name = SAMKeychain.xcframework; path = ../kg_sdk/ios_sdk/Flutter/Debug/SAMKeychain.xcframework; sourceTree = "<group>"; };
		86C668482C92B8EB00BC15DC /* SDKView.swift */ = {isa = PBXFileReference; fileEncoding = 4; lastKnownFileType = sourcecode.swift; name = SDKView.swift; path = ios_example/SDKView.swift; sourceTree = SOURCE_ROOT; };
		86CDF6C32B95AC1C001895C7 /* ios_example.app */ = {isa = PBXFileReference; explicitFileType = wrapper.application; includeInIndex = 0; path = ios_example.app; sourceTree = BUILT_PRODUCTS_DIR; };
		86CDF6CA2B95AC1D001895C7 /* Assets.xcassets */ = {isa = PBXFileReference; lastKnownFileType = folder.assetcatalog; path = Assets.xcassets; sourceTree = "<group>"; };
		86CDF6CD2B95AC1D001895C7 /* Preview Assets.xcassets */ = {isa = PBXFileReference; lastKnownFileType = folder.assetcatalog; path = "Preview Assets.xcassets"; sourceTree = "<group>"; };
		86CDF6D32B95AC1D001895C7 /* ios_exampleTests.xctest */ = {isa = PBXFileReference; explicitFileType = wrapper.cfbundle; includeInIndex = 0; path = ios_exampleTests.xctest; sourceTree = BUILT_PRODUCTS_DIR; };
		86CDF6D72B95AC1D001895C7 /* ios_exampleTests.swift */ = {isa = PBXFileReference; lastKnownFileType = sourcecode.swift; path = ios_exampleTests.swift; sourceTree = "<group>"; };
		86CDF6DD2B95AC1D001895C7 /* ios_exampleUITests.xctest */ = {isa = PBXFileReference; explicitFileType = wrapper.cfbundle; includeInIndex = 0; path = ios_exampleUITests.xctest; sourceTree = BUILT_PRODUCTS_DIR; };
		86CDF6E12B95AC1D001895C7 /* ios_exampleUITests.swift */ = {isa = PBXFileReference; lastKnownFileType = sourcecode.swift; path = ios_exampleUITests.swift; sourceTree = "<group>"; };
		86CDF6E32B95AC1D001895C7 /* ios_exampleUITestsLaunchTests.swift */ = {isa = PBXFileReference; lastKnownFileType = sourcecode.swift; path = ios_exampleUITestsLaunchTests.swift; sourceTree = "<group>"; };
		86CDF6F02B95ADDD001895C7 /* App.xcframework */ = {isa = PBXFileReference; lastKnownFileType = wrapper.xcframework; name = App.xcframework; path = ../kg_sdk/ios_sdk/Flutter/Debug/App.xcframework; sourceTree = "<group>"; };
		86CDF6F22B95ADDF001895C7 /* flutter_inappwebview_ios.xcframework */ = {isa = PBXFileReference; lastKnownFileType = wrapper.xcframework; name = flutter_inappwebview_ios.xcframework; path = ../kg_sdk/ios_sdk/Flutter/Debug/flutter_inappwebview_ios.xcframework; sourceTree = "<group>"; };
		86CDF6F42B95ADE0001895C7 /* flutter_secure_storage.xcframework */ = {isa = PBXFileReference; lastKnownFileType = wrapper.xcframework; name = flutter_secure_storage.xcframework; path = ../kg_sdk/ios_sdk/Flutter/Debug/flutter_secure_storage.xcframework; sourceTree = "<group>"; };
		86CDF6F62B95ADE3001895C7 /* FlutterPluginRegistrant.xcframework */ = {isa = PBXFileReference; lastKnownFileType = wrapper.xcframework; name = FlutterPluginRegistrant.xcframework; path = ../kg_sdk/ios_sdk/Flutter/Debug/FlutterPluginRegistrant.xcframework; sourceTree = "<group>"; };
		86CDF6F82B95ADE5001895C7 /* OrderedSet.xcframework */ = {isa = PBXFileReference; lastKnownFileType = wrapper.xcframework; name = OrderedSet.xcframework; path = ../kg_sdk/ios_sdk/Flutter/Debug/OrderedSet.xcframework; sourceTree = "<group>"; };
		86CDF6FA2B95ADE9001895C7 /* package_info.xcframework */ = {isa = PBXFileReference; lastKnownFileType = wrapper.xcframework; name = package_info.xcframework; path = ../kg_sdk/ios_sdk/Flutter/Debug/package_info.xcframework; sourceTree = "<group>"; };
		86CDF6FC2B95ADED001895C7 /* path_provider_foundation.xcframework */ = {isa = PBXFileReference; lastKnownFileType = wrapper.xcframework; name = path_provider_foundation.xcframework; path = ../kg_sdk/ios_sdk/Flutter/Debug/path_provider_foundation.xcframework; sourceTree = "<group>"; };
		86CDF6FE2B95ADEE001895C7 /* shared_preferences_foundation.xcframework */ = {isa = PBXFileReference; lastKnownFileType = wrapper.xcframework; name = shared_preferences_foundation.xcframework; path = ../kg_sdk/ios_sdk/Flutter/Debug/shared_preferences_foundation.xcframework; sourceTree = "<group>"; };
		86CDF7002B95ADF1001895C7 /* sqflite.xcframework */ = {isa = PBXFileReference; lastKnownFileType = wrapper.xcframework; name = sqflite.xcframework; path = ../kg_sdk/ios_sdk/Flutter/Debug/sqflite.xcframework; sourceTree = "<group>"; };
		86CDF7172B95AEA1001895C7 /* VerifyPageView.swift */ = {isa = PBXFileReference; lastKnownFileType = sourcecode.swift; path = VerifyPageView.swift; sourceTree = "<group>"; };
		86CDF7192B95AEBB001895C7 /* VerifyPageViewController.swift */ = {isa = PBXFileReference; lastKnownFileType = sourcecode.swift; path = VerifyPageViewController.swift; sourceTree = "<group>"; };
		86D025142C93EE6200512AA4 /* App.xcframework */ = {isa = PBXFileReference; lastKnownFileType = wrapper.xcframework; name = App.xcframework; path = ../../sdk/ios/Flutter/Debug/App.xcframework; sourceTree = "<group>"; };
		86D025152C93EE6200512AA4 /* flutter_inappwebview_ios.xcframework */ = {isa = PBXFileReference; lastKnownFileType = wrapper.xcframework; name = flutter_inappwebview_ios.xcframework; path = ../../sdk/ios/Flutter/Debug/flutter_inappwebview_ios.xcframework; sourceTree = "<group>"; };
		86D025162C93EE6200512AA4 /* SAMKeychain.xcframework */ = {isa = PBXFileReference; lastKnownFileType = wrapper.xcframework; name = SAMKeychain.xcframework; path = ../../sdk/ios/Flutter/Debug/SAMKeychain.xcframework; sourceTree = "<group>"; };
		86D025172C93EE6200512AA4 /* flutter_secure_storage.xcframework */ = {isa = PBXFileReference; lastKnownFileType = wrapper.xcframework; name = flutter_secure_storage.xcframework; path = ../../sdk/ios/Flutter/Debug/flutter_secure_storage.xcframework; sourceTree = "<group>"; };
		86D025182C93EE6200512AA4 /* photo_manager.xcframework */ = {isa = PBXFileReference; lastKnownFileType = wrapper.xcframework; name = photo_manager.xcframework; path = ../../sdk/ios/Flutter/Debug/photo_manager.xcframework; sourceTree = "<group>"; };
		86D025192C93EE6200512AA4 /* share_plus.xcframework */ = {isa = PBXFileReference; lastKnownFileType = wrapper.xcframework; name = share_plus.xcframework; path = ../../sdk/ios/Flutter/Debug/share_plus.xcframework; sourceTree = "<group>"; };
		86D0251A2C93EE6200512AA4 /* shared_preferences_foundation.xcframework */ = {isa = PBXFileReference; lastKnownFileType = wrapper.xcframework; name = shared_preferences_foundation.xcframework; path = ../../sdk/ios/Flutter/Debug/shared_preferences_foundation.xcframework; sourceTree = "<group>"; };
		86D0251B2C93EE6200512AA4 /* package_info_plus.xcframework */ = {isa = PBXFileReference; lastKnownFileType = wrapper.xcframework; name = package_info_plus.xcframework; path = ../../sdk/ios/Flutter/Debug/package_info_plus.xcframework; sourceTree = "<group>"; };
		86D0251C2C93EE6200512AA4 /* qr_code_scanner.xcframework */ = {isa = PBXFileReference; lastKnownFileType = wrapper.xcframework; name = qr_code_scanner.xcframework; path = ../../sdk/ios/Flutter/Debug/qr_code_scanner.xcframework; sourceTree = "<group>"; };
		86D0251D2C93EE6200512AA4 /* scan.xcframework */ = {isa = PBXFileReference; lastKnownFileType = wrapper.xcframework; name = scan.xcframework; path = ../../sdk/ios/Flutter/Debug/scan.xcframework; sourceTree = "<group>"; };
		86D0251E2C93EE6200512AA4 /* FlutterPluginRegistrant.xcframework */ = {isa = PBXFileReference; lastKnownFileType = wrapper.xcframework; name = FlutterPluginRegistrant.xcframework; path = ../../sdk/ios/Flutter/Debug/FlutterPluginRegistrant.xcframework; sourceTree = "<group>"; };
		86D0251F2C93EE6200512AA4 /* flutter_udid.xcframework */ = {isa = PBXFileReference; lastKnownFileType = wrapper.xcframework; name = flutter_udid.xcframework; path = ../../sdk/ios/Flutter/Debug/flutter_udid.xcframework; sourceTree = "<group>"; };
		86D025202C93EE6200512AA4 /* sqflite.xcframework */ = {isa = PBXFileReference; lastKnownFileType = wrapper.xcframework; name = sqflite.xcframework; path = ../../sdk/ios/Flutter/Debug/sqflite.xcframework; sourceTree = "<group>"; };
		86D025212C93EE6200512AA4 /* sentry_flutter.xcframework */ = {isa = PBXFileReference; lastKnownFileType = wrapper.xcframework; name = sentry_flutter.xcframework; path = ../../sdk/ios/Flutter/Debug/sentry_flutter.xcframework; sourceTree = "<group>"; };
		86D025222C93EE6200512AA4 /* package_info.xcframework */ = {isa = PBXFileReference; lastKnownFileType = wrapper.xcframework; name = package_info.xcframework; path = ../../sdk/ios/Flutter/Debug/package_info.xcframework; sourceTree = "<group>"; };
		86D025232C93EE6200512AA4 /* MTBBarcodeScanner.xcframework */ = {isa = PBXFileReference; lastKnownFileType = wrapper.xcframework; name = MTBBarcodeScanner.xcframework; path = ../../sdk/ios/Flutter/Debug/MTBBarcodeScanner.xcframework; sourceTree = "<group>"; };
		86D025242C93EE6200512AA4 /* OrderedSet.xcframework */ = {isa = PBXFileReference; lastKnownFileType = wrapper.xcframework; name = OrderedSet.xcframework; path = ../../sdk/ios/Flutter/Debug/OrderedSet.xcframework; sourceTree = "<group>"; };
		86D025252C93EE6200512AA4 /* Sentry.xcframework */ = {isa = PBXFileReference; lastKnownFileType = wrapper.xcframework; name = Sentry.xcframework; path = ../../sdk/ios/Flutter/Debug/Sentry.xcframework; sourceTree = "<group>"; };
		86D025262C93EE6200512AA4 /* device_info_plus.xcframework */ = {isa = PBXFileReference; lastKnownFileType = wrapper.xcframework; name = device_info_plus.xcframework; path = ../../sdk/ios/Flutter/Debug/device_info_plus.xcframework; sourceTree = "<group>"; };
		86D025272C93EE6200512AA4 /* video_player_avfoundation.xcframework */ = {isa = PBXFileReference; lastKnownFileType = wrapper.xcframework; name = video_player_avfoundation.xcframework; path = ../../sdk/ios/Flutter/Debug/video_player_avfoundation.xcframework; sourceTree = "<group>"; };
		86D025282C93EE6200512AA4 /* path_provider_foundation.xcframework */ = {isa = PBXFileReference; lastKnownFileType = wrapper.xcframework; name = path_provider_foundation.xcframework; path = ../../sdk/ios/Flutter/Debug/path_provider_foundation.xcframework; sourceTree = "<group>"; };
		86D025292C93EE6200512AA4 /* url_launcher_ios.xcframework */ = {isa = PBXFileReference; lastKnownFileType = wrapper.xcframework; name = url_launcher_ios.xcframework; path = ../../sdk/ios/Flutter/Debug/url_launcher_ios.xcframework; sourceTree = "<group>"; };
		A599D1D19CF0F7D667169924 /* Pods_ios_example.framework */ = {isa = PBXFileReference; explicitFileType = wrapper.framework; includeInIndex = 0; path = Pods_ios_example.framework; sourceTree = BUILT_PRODUCTS_DIR; };
		CACEE622C305E59A83A8C53A /* Pods-ios_example.debug.xcconfig */ = {isa = PBXFileReference; includeInIndex = 1; lastKnownFileType = text.xcconfig; name = "Pods-ios_example.debug.xcconfig"; path = "Target Support Files/Pods-ios_example/Pods-ios_example.debug.xcconfig"; sourceTree = "<group>"; };
		D64A06612BD90DEC00044A0C /* MTBBarcodeScanner.xcframework */ = {isa = PBXFileReference; lastKnownFileType = wrapper.xcframework; name = MTBBarcodeScanner.xcframework; path = ../kg_sdk/ios_sdk/Flutter/Debug/MTBBarcodeScanner.xcframework; sourceTree = "<group>"; };
		D64A06632BD90DFE00044A0C /* photo_manager.xcframework */ = {isa = PBXFileReference; lastKnownFileType = wrapper.xcframework; name = photo_manager.xcframework; path = ../kg_sdk/ios_sdk/Flutter/Debug/photo_manager.xcframework; sourceTree = "<group>"; };
		D64A06652BD90E0200044A0C /* qr_code_scanner.xcframework */ = {isa = PBXFileReference; lastKnownFileType = wrapper.xcframework; name = qr_code_scanner.xcframework; path = ../kg_sdk/ios_sdk/Flutter/Debug/qr_code_scanner.xcframework; sourceTree = "<group>"; };
		D64A06672BD90E0C00044A0C /* scan.xcframework */ = {isa = PBXFileReference; lastKnownFileType = wrapper.xcframework; name = scan.xcframework; path = ../kg_sdk/ios_sdk/Flutter/Debug/scan.xcframework; sourceTree = "<group>"; };
		D64A06692BD90E1C00044A0C /* video_player_avfoundation.xcframework */ = {isa = PBXFileReference; lastKnownFileType = wrapper.xcframework; name = video_player_avfoundation.xcframework; path = ../kg_sdk/ios_sdk/Flutter/Debug/video_player_avfoundation.xcframework; sourceTree = "<group>"; };
		FD0AEFB484378599FD9318B3 /* Pods-ios_exampleTests.debug.xcconfig */ = {isa = PBXFileReference; includeInIndex = 1; lastKnownFileType = text.xcconfig; name = "Pods-ios_exampleTests.debug.xcconfig"; path = "Target Support Files/Pods-ios_exampleTests/Pods-ios_exampleTests.debug.xcconfig"; sourceTree = "<group>"; };
/* End PBXFileReference section */

/* Begin PBXFrameworksBuildPhase section */
		86CDF6C02B95AC1C001895C7 /* Frameworks */ = {
			isa = PBXFrameworksBuildPhase;
			buildActionMask = 2147483647;
			files = (
				86757E002C9AC3D3001BB52C /* sqflite.xcframework in Frameworks */,
				46D13EA7478F7BD3196C40F0 /* Pods_ios_example.framework in Frameworks */,
				86757DE42C9AC3CF001BB52C /* FlutterPluginRegistrant.xcframework in Frameworks */,
				86757DEE2C9AC3CF001BB52C /* path_provider_foundation.xcframework in Frameworks */,
				86757DF22C9AC3D2001BB52C /* qr_code_scanner.xcframework in Frameworks */,
				86757DFE2C9AC3D3001BB52C /* shared_preferences_foundation.xcframework in Frameworks */,
				86757DFA2C9AC3D3001BB52C /* Sentry.xcframework in Frameworks */,
				86757DF62C9AC3D3001BB52C /* scan.xcframework in Frameworks */,
				86757DE02C9AC3CF001BB52C /* flutter_secure_storage.xcframework in Frameworks */,
				86757DF02C9AC3CF001BB52C /* photo_manager.xcframework in Frameworks */,
				86757DE62C9AC3CF001BB52C /* MTBBarcodeScanner.xcframework in Frameworks */,
				86757E022C9AC3D3001BB52C /* url_launcher_ios.xcframework in Frameworks */,
				86757DE82C9AC3CF001BB52C /* OrderedSet.xcframework in Frameworks */,
				86757DE22C9AC3CF001BB52C /* flutter_udid.xcframework in Frameworks */,
				86757E042C9AC3D3001BB52C /* video_player_avfoundation.xcframework in Frameworks */,
				86757DF42C9AC3D2001BB52C /* SAMKeychain.xcframework in Frameworks */,
				86757DFC2C9AC3D3001BB52C /* share_plus.xcframework in Frameworks */,
				86757DDE2C9AC3CF001BB52C /* flutter_inappwebview_ios.xcframework in Frameworks */,
				86757DF82C9AC3D3001BB52C /* sentry_flutter.xcframework in Frameworks */,
				86757DEA2C9AC3CF001BB52C /* package_info_plus.xcframework in Frameworks */,
				86757DEC2C9AC3CF001BB52C /* package_info.xcframework in Frameworks */,
				86757DDC2C9AC3CE001BB52C /* device_info_plus.xcframework in Frameworks */,
				86757DDA2C9AC3CE001BB52C /* App.xcframework in Frameworks */,
			);
			runOnlyForDeploymentPostprocessing = 0;
		};
		86CDF6D02B95AC1D001895C7 /* Frameworks */ = {
			isa = PBXFrameworksBuildPhase;
			buildActionMask = 2147483647;
			files = (
				48CDDD23EFC2756627777F6D /* Pods_ios_exampleTests.framework in Frameworks */,
			);
			runOnlyForDeploymentPostprocessing = 0;
		};
		86CDF6DA2B95AC1D001895C7 /* Frameworks */ = {
			isa = PBXFrameworksBuildPhase;
			buildActionMask = 2147483647;
			files = (
				88751F3ABD738F64787CF8CC /* Pods_ios_example_ios_exampleUITests.framework in Frameworks */,
			);
			runOnlyForDeploymentPostprocessing = 0;
		};
/* End PBXFrameworksBuildPhase section */

/* Begin PBXGroup section */
		75F6C6CDCC870D3BF7E514F4 /* Frameworks */ = {
			isa = PBXGroup;
			children = (
				86D025292C93EE6200512AA4 /* url_launcher_ios.xcframework */,
				86757DBF2C9AC3C6001BB52C /* sqflite.xcframework */,
				86757DC32C9AC3C6001BB52C /* url_launcher_ios.xcframework */,
				D64A06692BD90E1C00044A0C /* video_player_avfoundation.xcframework */,
				D64A06672BD90E0C00044A0C /* scan.xcframework */,
				86757DBA2C9AC3C6001BB52C /* photo_manager.xcframework */,
				D64A06652BD90E0200044A0C /* qr_code_scanner.xcframework */,
				86757DBE2C9AC3C6001BB52C /* flutter_secure_storage.xcframework */,
				86D0251F2C93EE6200512AA4 /* flutter_udid.xcframework */,
				86757DC12C9AC3C6001BB52C /* App.xcframework */,
				86757DC02C9AC3C6001BB52C /* device_info_plus.xcframework */,
				86757DB22C9AC3C6001BB52C /* flutter_inappwebview_ios.xcframework */,
				86757DB72C9AC3C6001BB52C /* flutter_udid.xcframework */,
				86D0251E2C93EE6200512AA4 /* FlutterPluginRegistrant.xcframework */,
				86D025232C93EE6200512AA4 /* MTBBarcodeScanner.xcframework */,
				86757DBB2C9AC3C6001BB52C /* MTBBarcodeScanner.xcframework */,
				86D025242C93EE6200512AA4 /* OrderedSet.xcframework */,
				86D0251B2C93EE6200512AA4 /* package_info_plus.xcframework */,
				86757DB62C9AC3C6001BB52C /* OrderedSet.xcframework */,
				86D025222C93EE6200512AA4 /* package_info.xcframework */,
				86757DC22C9AC3C6001BB52C /* package_info_plus.xcframework */,
				86D025282C93EE6200512AA4 /* path_provider_foundation.xcframework */,
				D64A06632BD90DFE00044A0C /* photo_manager.xcframework */,
				D64A06612BD90DEC00044A0C /* MTBBarcodeScanner.xcframework */,
				86D025172C93EE6200512AA4 /* flutter_secure_storage.xcframework */,
				86D025182C93EE6200512AA4 /* photo_manager.xcframework */,
				86D0251C2C93EE6200512AA4 /* qr_code_scanner.xcframework */,
				86757DB82C9AC3C6001BB52C /* qr_code_scanner.xcframework */,
				8692B05D2BD752ED00ECC559 /* SAMKeychain.xcframework */,
				8692B05B2BD7529300ECC559 /* flutter_udid.xcframework */,
				861873882BC6856700A969D6 /* device_info_plus.xcframework */,
				867B8C1F2BAACBE100968628 /* url_launcher_ios.xcframework */,
				86D0251D2C93EE6200512AA4 /* scan.xcframework */,
				86D025212C93EE6200512AA4 /* sentry_flutter.xcframework */,
				86757DB92C9AC3C6001BB52C /* scan.xcframework */,
				86D025252C93EE6200512AA4 /* Sentry.xcframework */,
				86757DB42C9AC3C6001BB52C /* Sentry.xcframework */,
				86757DBC2C9AC3C6001BB52C /* sentry_flutter.xcframework */,
				867B8C1D2BAACBDB00968628 /* share_plus.xcframework */,
				86D025142C93EE6200512AA4 /* App.xcframework */,
				86D025262C93EE6200512AA4 /* device_info_plus.xcframework */,
				86D025152C93EE6200512AA4 /* flutter_inappwebview_ios.xcframework */,
				86D025162C93EE6200512AA4 /* SAMKeychain.xcframework */,
				86D025192C93EE6200512AA4 /* share_plus.xcframework */,
				86D0251A2C93EE6200512AA4 /* shared_preferences_foundation.xcframework */,
				86D025202C93EE6200512AA4 /* sqflite.xcframework */,
				86D025272C93EE6200512AA4 /* video_player_avfoundation.xcframework */,
				86757DAE2C9AC3C6001BB52C /* FlutterPluginRegistrant.xcframework */,
				86757DAF2C9AC3C6001BB52C /* package_info.xcframework */,
				86757DB02C9AC3C6001BB52C /* path_provider_foundation.xcframework */,
				86757DB12C9AC3C6001BB52C /* SAMKeychain.xcframework */,
				86757DB32C9AC3C6001BB52C /* share_plus.xcframework */,
				86757DB52C9AC3C6001BB52C /* shared_preferences_foundation.xcframework */,
				86757DBD2C9AC3C6001BB52C /* video_player_avfoundation.xcframework */,
				867B8C1B2BAACBD500968628 /* SentryPrivate.xcframework */,
				867B8C192BAACBD300968628 /* Sentry.xcframework */,
				867B8C172BAACBCF00968628 /* sentry_flutter.xcframework */,
				867B8C152BAACBC800968628 /* package_info_plus.xcframework */,
				8664F3D92BAAC8FA002712C5 /* url_launcher_ios.xcframework */,
				8664F3D72BAAC8F0002712C5 /* share_plus.xcframework */,
				8664F3D52BAAC8EA002712C5 /* SentryPrivate.xcframework */,
				8664F3D32BAAC8E6002712C5 /* Sentry.xcframework */,
				8664F3D12BAAC8E3002712C5 /* sentry_flutter.xcframework */,
				8664F3CF2BAAC8DA002712C5 /* package_info_plus.xcframework */,
				86CDF7002B95ADF1001895C7 /* sqflite.xcframework */,
				86CDF6FE2B95ADEE001895C7 /* shared_preferences_foundation.xcframework */,
				86CDF6FC2B95ADED001895C7 /* path_provider_foundation.xcframework */,
				86CDF6FA2B95ADE9001895C7 /* package_info.xcframework */,
				86CDF6F82B95ADE5001895C7 /* OrderedSet.xcframework */,
				86CDF6F62B95ADE3001895C7 /* FlutterPluginRegistrant.xcframework */,
				86CDF6F42B95ADE0001895C7 /* flutter_secure_storage.xcframework */,
				86CDF6F22B95ADDF001895C7 /* flutter_inappwebview_ios.xcframework */,
				86CDF6F02B95ADDD001895C7 /* App.xcframework */,
				A599D1D19CF0F7D667169924 /* Pods_ios_example.framework */,
				858641F33F58AFE92A7C4448 /* Pods_ios_example_ios_exampleUITests.framework */,
				2BB1C8C4F133247B193E8770 /* Pods_ios_exampleTests.framework */,
			);
			name = Frameworks;
			sourceTree = "<group>";
		};
		800AE24D1A428E67D3A72EA7 /* Pods */ = {
			isa = PBXGroup;
			children = (
				CACEE622C305E59A83A8C53A /* Pods-ios_example.debug.xcconfig */,
				6550A45902E96B54B8DD7E7E /* Pods-ios_example.release.xcconfig */,
				83E44D129E170087E19E0F74 /* Pods-ios_example-ios_exampleUITests.debug.xcconfig */,
				70A506BB337769AEB9314789 /* Pods-ios_example-ios_exampleUITests.release.xcconfig */,
				FD0AEFB484378599FD9318B3 /* Pods-ios_exampleTests.debug.xcconfig */,
				84D430B5B6039E520AA467AF /* Pods-ios_exampleTests.release.xcconfig */,
			);
			path = Pods;
			sourceTree = "<group>";
		};
		86CDF6BA2B95AC1C001895C7 = {
			isa = PBXGroup;
			children = (
				86CDF6C52B95AC1C001895C7 /* ios_example */,
				86CDF6D62B95AC1D001895C7 /* ios_exampleTests */,
				86CDF6E02B95AC1D001895C7 /* ios_exampleUITests */,
				86CDF6C42B95AC1C001895C7 /* Products */,
				800AE24D1A428E67D3A72EA7 /* Pods */,
				75F6C6CDCC870D3BF7E514F4 /* Frameworks */,
			);
			sourceTree = "<group>";
		};
		86CDF6C42B95AC1C001895C7 /* Products */ = {
			isa = PBXGroup;
			children = (
				86CDF6C32B95AC1C001895C7 /* ios_example.app */,
				86CDF6D32B95AC1D001895C7 /* ios_exampleTests.xctest */,
				86CDF6DD2B95AC1D001895C7 /* ios_exampleUITests.xctest */,
			);
			name = Products;
			sourceTree = "<group>";
		};
		86CDF6C52B95AC1C001895C7 /* ios_example */ = {
			isa = PBXGroup;
			children = (
				86CDF6CA2B95AC1D001895C7 /* Assets.xcassets */,
				86CDF6CC2B95AC1D001895C7 /* Preview Content */,
				860643972C905A71004B6F0E /* ios_exampleApp.swift */,
				86C668482C92B8EB00BC15DC /* SDKView.swift */,
				867B8C2D2BABCE8500968628 /* KgSDKService.swift */,
				8606439E2C905A79004B6F0E /* WalletContentView.swift */,
				860643982C905A71004B6F0E /* Constant.swift */,
				860643942C905A71004B6F0E /* ContentView.swift */,
				860643952C905A71004B6F0E /* HomeView.swift */,
				8606439F2C905A79004B6F0E /* WebView.swift */,
				86CDF7172B95AEA1001895C7 /* VerifyPageView.swift */,
				86CDF7192B95AEBB001895C7 /* VerifyPageViewController.swift */,
			);
			path = ios_example;
			sourceTree = "<group>";
		};
		86CDF6CC2B95AC1D001895C7 /* Preview Content */ = {
			isa = PBXGroup;
			children = (
				86CDF6CD2B95AC1D001895C7 /* Preview Assets.xcassets */,
			);
			path = "Preview Content";
			sourceTree = "<group>";
		};
		86CDF6D62B95AC1D001895C7 /* ios_exampleTests */ = {
			isa = PBXGroup;
			children = (
				86CDF6D72B95AC1D001895C7 /* ios_exampleTests.swift */,
			);
			path = ios_exampleTests;
			sourceTree = "<group>";
		};
		86CDF6E02B95AC1D001895C7 /* ios_exampleUITests */ = {
			isa = PBXGroup;
			children = (
				86CDF6E12B95AC1D001895C7 /* ios_exampleUITests.swift */,
				86CDF6E32B95AC1D001895C7 /* ios_exampleUITestsLaunchTests.swift */,
			);
			path = ios_exampleUITests;
			sourceTree = "<group>";
		};
/* End PBXGroup section */

/* Begin PBXNativeTarget section */
		86CDF6C22B95AC1C001895C7 /* ios_example */ = {
			isa = PBXNativeTarget;
			buildConfigurationList = 86CDF6E72B95AC1D001895C7 /* Build configuration list for PBXNativeTarget "ios_example" */;
			buildPhases = (
				892524571DA475A610EC3305 /* [CP] Check Pods Manifest.lock */,
				86CDF6BF2B95AC1C001895C7 /* Sources */,
				86CDF6C02B95AC1C001895C7 /* Frameworks */,
				86CDF6C12B95AC1C001895C7 /* Resources */,
				86CDF7042B95AE1C001895C7 /* Embed Frameworks */,
				E877F3C5B3ED5ED901570A43 /* [CP] Embed Pods Frameworks */,
			);
			buildRules = (
			);
			dependencies = (
			);
			name = ios_example;
			productName = ios_example;
			productReference = 86CDF6C32B95AC1C001895C7 /* ios_example.app */;
			productType = "com.apple.product-type.application";
		};
		86CDF6D22B95AC1D001895C7 /* ios_exampleTests */ = {
			isa = PBXNativeTarget;
			buildConfigurationList = 86CDF6EA2B95AC1D001895C7 /* Build configuration list for PBXNativeTarget "ios_exampleTests" */;
			buildPhases = (
				7D0B5F61518E63C2BB54B0FC /* [CP] Check Pods Manifest.lock */,
				86CDF6CF2B95AC1D001895C7 /* Sources */,
				86CDF6D02B95AC1D001895C7 /* Frameworks */,
				86CDF6D12B95AC1D001895C7 /* Resources */,
			);
			buildRules = (
			);
			dependencies = (
				86CDF6D52B95AC1D001895C7 /* PBXTargetDependency */,
			);
			name = ios_exampleTests;
			productName = ios_exampleTests;
			productReference = 86CDF6D32B95AC1D001895C7 /* ios_exampleTests.xctest */;
			productType = "com.apple.product-type.bundle.unit-test";
		};
		86CDF6DC2B95AC1D001895C7 /* ios_exampleUITests */ = {
			isa = PBXNativeTarget;
			buildConfigurationList = 86CDF6ED2B95AC1D001895C7 /* Build configuration list for PBXNativeTarget "ios_exampleUITests" */;
			buildPhases = (
				1143841AF8C6D7450636499D /* [CP] Check Pods Manifest.lock */,
				86CDF6D92B95AC1D001895C7 /* Sources */,
				86CDF6DA2B95AC1D001895C7 /* Frameworks */,
				86CDF6DB2B95AC1D001895C7 /* Resources */,
				DD4D1B9E55BFE8C42AA0C439 /* [CP] Embed Pods Frameworks */,
			);
			buildRules = (
			);
			dependencies = (
				86CDF6DF2B95AC1D001895C7 /* PBXTargetDependency */,
			);
			name = ios_exampleUITests;
			productName = ios_exampleUITests;
			productReference = 86CDF6DD2B95AC1D001895C7 /* ios_exampleUITests.xctest */;
			productType = "com.apple.product-type.bundle.ui-testing";
		};
/* End PBXNativeTarget section */

/* Begin PBXProject section */
		86CDF6BB2B95AC1C001895C7 /* Project object */ = {
			isa = PBXProject;
			attributes = {
				BuildIndependentTargetsInParallel = 1;
				LastSwiftUpdateCheck = 1510;
				LastUpgradeCheck = 1510;
				TargetAttributes = {
					86CDF6C22B95AC1C001895C7 = {
						CreatedOnToolsVersion = 15.1;
					};
					86CDF6D22B95AC1D001895C7 = {
						CreatedOnToolsVersion = 15.1;
						TestTargetID = 86CDF6C22B95AC1C001895C7;
					};
					86CDF6DC2B95AC1D001895C7 = {
						CreatedOnToolsVersion = 15.1;
						TestTargetID = 86CDF6C22B95AC1C001895C7;
					};
				};
			};
			buildConfigurationList = 86CDF6BE2B95AC1C001895C7 /* Build configuration list for PBXProject "ios_example" */;
			compatibilityVersion = "Xcode 14.0";
			developmentRegion = en;
			hasScannedForEncodings = 0;
			knownRegions = (
				en,
				Base,
			);
			mainGroup = 86CDF6BA2B95AC1C001895C7;
			productRefGroup = 86CDF6C42B95AC1C001895C7 /* Products */;
			projectDirPath = "";
			projectRoot = "";
			targets = (
				86CDF6C22B95AC1C001895C7 /* ios_example */,
				86CDF6D22B95AC1D001895C7 /* ios_exampleTests */,
				86CDF6DC2B95AC1D001895C7 /* ios_exampleUITests */,
			);
		};
/* End PBXProject section */

/* Begin PBXResourcesBuildPhase section */
		86CDF6C12B95AC1C001895C7 /* Resources */ = {
			isa = PBXResourcesBuildPhase;
			buildActionMask = 2147483647;
			files = (
				86CDF6CE2B95AC1D001895C7 /* Preview Assets.xcassets in Resources */,
				86CDF6CB2B95AC1D001895C7 /* Assets.xcassets in Resources */,
			);
			runOnlyForDeploymentPostprocessing = 0;
		};
		86CDF6D12B95AC1D001895C7 /* Resources */ = {
			isa = PBXResourcesBuildPhase;
			buildActionMask = 2147483647;
			files = (
			);
			runOnlyForDeploymentPostprocessing = 0;
		};
		86CDF6DB2B95AC1D001895C7 /* Resources */ = {
			isa = PBXResourcesBuildPhase;
			buildActionMask = 2147483647;
			files = (
			);
			runOnlyForDeploymentPostprocessing = 0;
		};
/* End PBXResourcesBuildPhase section */

/* Begin PBXShellScriptBuildPhase section */
		1143841AF8C6D7450636499D /* [CP] Check Pods Manifest.lock */ = {
			isa = PBXShellScriptBuildPhase;
			buildActionMask = 2147483647;
			files = (
			);
			inputFileListPaths = (
			);
			inputPaths = (
				"${PODS_PODFILE_DIR_PATH}/Podfile.lock",
				"${PODS_ROOT}/Manifest.lock",
			);
			name = "[CP] Check Pods Manifest.lock";
			outputFileListPaths = (
			);
			outputPaths = (
				"$(DERIVED_FILE_DIR)/Pods-ios_example-ios_exampleUITests-checkManifestLockResult.txt",
			);
			runOnlyForDeploymentPostprocessing = 0;
			shellPath = /bin/sh;
			shellScript = "diff \"${PODS_PODFILE_DIR_PATH}/Podfile.lock\" \"${PODS_ROOT}/Manifest.lock\" > /dev/null\nif [ $? != 0 ] ; then\n    # print error to STDERR\n    echo \"error: The sandbox is not in sync with the Podfile.lock. Run 'pod install' or update your CocoaPods installation.\" >&2\n    exit 1\nfi\n# This output is used by Xcode 'outputs' to avoid re-running this script phase.\necho \"SUCCESS\" > \"${SCRIPT_OUTPUT_FILE_0}\"\n";
			showEnvVarsInLog = 0;
		};
		7D0B5F61518E63C2BB54B0FC /* [CP] Check Pods Manifest.lock */ = {
			isa = PBXShellScriptBuildPhase;
			buildActionMask = 2147483647;
			files = (
			);
			inputFileListPaths = (
			);
			inputPaths = (
				"${PODS_PODFILE_DIR_PATH}/Podfile.lock",
				"${PODS_ROOT}/Manifest.lock",
			);
			name = "[CP] Check Pods Manifest.lock";
			outputFileListPaths = (
			);
			outputPaths = (
				"$(DERIVED_FILE_DIR)/Pods-ios_exampleTests-checkManifestLockResult.txt",
			);
			runOnlyForDeploymentPostprocessing = 0;
			shellPath = /bin/sh;
			shellScript = "diff \"${PODS_PODFILE_DIR_PATH}/Podfile.lock\" \"${PODS_ROOT}/Manifest.lock\" > /dev/null\nif [ $? != 0 ] ; then\n    # print error to STDERR\n    echo \"error: The sandbox is not in sync with the Podfile.lock. Run 'pod install' or update your CocoaPods installation.\" >&2\n    exit 1\nfi\n# This output is used by Xcode 'outputs' to avoid re-running this script phase.\necho \"SUCCESS\" > \"${SCRIPT_OUTPUT_FILE_0}\"\n";
			showEnvVarsInLog = 0;
		};
		892524571DA475A610EC3305 /* [CP] Check Pods Manifest.lock */ = {
			isa = PBXShellScriptBuildPhase;
			buildActionMask = 2147483647;
			files = (
			);
			inputFileListPaths = (
			);
			inputPaths = (
				"${PODS_PODFILE_DIR_PATH}/Podfile.lock",
				"${PODS_ROOT}/Manifest.lock",
			);
			name = "[CP] Check Pods Manifest.lock";
			outputFileListPaths = (
			);
			outputPaths = (
				"$(DERIVED_FILE_DIR)/Pods-ios_example-checkManifestLockResult.txt",
			);
			runOnlyForDeploymentPostprocessing = 0;
			shellPath = /bin/sh;
			shellScript = "diff \"${PODS_PODFILE_DIR_PATH}/Podfile.lock\" \"${PODS_ROOT}/Manifest.lock\" > /dev/null\nif [ $? != 0 ] ; then\n    # print error to STDERR\n    echo \"error: The sandbox is not in sync with the Podfile.lock. Run 'pod install' or update your CocoaPods installation.\" >&2\n    exit 1\nfi\n# This output is used by Xcode 'outputs' to avoid re-running this script phase.\necho \"SUCCESS\" > \"${SCRIPT_OUTPUT_FILE_0}\"\n";
			showEnvVarsInLog = 0;
		};
		DD4D1B9E55BFE8C42AA0C439 /* [CP] Embed Pods Frameworks */ = {
			isa = PBXShellScriptBuildPhase;
			buildActionMask = 2147483647;
			files = (
			);
			inputFileListPaths = (
				"${PODS_ROOT}/Target Support Files/Pods-ios_example-ios_exampleUITests/Pods-ios_example-ios_exampleUITests-frameworks-${CONFIGURATION}-input-files.xcfilelist",
			);
			name = "[CP] Embed Pods Frameworks";
			outputFileListPaths = (
				"${PODS_ROOT}/Target Support Files/Pods-ios_example-ios_exampleUITests/Pods-ios_example-ios_exampleUITests-frameworks-${CONFIGURATION}-output-files.xcfilelist",
			);
			runOnlyForDeploymentPostprocessing = 0;
			shellPath = /bin/sh;
			shellScript = "\"${PODS_ROOT}/Target Support Files/Pods-ios_example-ios_exampleUITests/Pods-ios_example-ios_exampleUITests-frameworks.sh\"\n";
			showEnvVarsInLog = 0;
		};
		E877F3C5B3ED5ED901570A43 /* [CP] Embed Pods Frameworks */ = {
			isa = PBXShellScriptBuildPhase;
			buildActionMask = 2147483647;
			files = (
			);
			inputFileListPaths = (
				"${PODS_ROOT}/Target Support Files/Pods-ios_example/Pods-ios_example-frameworks-${CONFIGURATION}-input-files.xcfilelist",
			);
			name = "[CP] Embed Pods Frameworks";
			outputFileListPaths = (
				"${PODS_ROOT}/Target Support Files/Pods-ios_example/Pods-ios_example-frameworks-${CONFIGURATION}-output-files.xcfilelist",
			);
			runOnlyForDeploymentPostprocessing = 0;
			shellPath = /bin/sh;
			shellScript = "\"${PODS_ROOT}/Target Support Files/Pods-ios_example/Pods-ios_example-frameworks.sh\"\n";
			showEnvVarsInLog = 0;
		};
/* End PBXShellScriptBuildPhase section */

/* Begin PBXSourcesBuildPhase section */
		86CDF6BF2B95AC1C001895C7 /* Sources */ = {
			isa = PBXSourcesBuildPhase;
			buildActionMask = 2147483647;
			files = (
				86CDF7182B95AEA1001895C7 /* VerifyPageView.swift in Sources */,
				860643A32C905A79004B6F0E /* WalletContentView.swift in Sources */,
				860643A42C905A79004B6F0E /* WebView.swift in Sources */,
				86C668492C92B8EB00BC15DC /* SDKView.swift in Sources */,
				8606439C2C905A71004B6F0E /* ios_exampleApp.swift in Sources */,
				860643992C905A71004B6F0E /* ContentView.swift in Sources */,
				86CDF71A2B95AEBB001895C7 /* VerifyPageViewController.swift in Sources */,
				8606439A2C905A71004B6F0E /* HomeView.swift in Sources */,
				867B8C2E2BABCE8500968628 /* KgSDKService.swift in Sources */,
				8606439D2C905A71004B6F0E /* Constant.swift in Sources */,
			);
			runOnlyForDeploymentPostprocessing = 0;
		};
		86CDF6CF2B95AC1D001895C7 /* Sources */ = {
			isa = PBXSourcesBuildPhase;
			buildActionMask = 2147483647;
			files = (
				86CDF6D82B95AC1D001895C7 /* ios_exampleTests.swift in Sources */,
			);
			runOnlyForDeploymentPostprocessing = 0;
		};
		86CDF6D92B95AC1D001895C7 /* Sources */ = {
			isa = PBXSourcesBuildPhase;
			buildActionMask = 2147483647;
			files = (
				86CDF6E22B95AC1D001895C7 /* ios_exampleUITests.swift in Sources */,
				86CDF6E42B95AC1D001895C7 /* ios_exampleUITestsLaunchTests.swift in Sources */,
			);
			runOnlyForDeploymentPostprocessing = 0;
		};
/* End PBXSourcesBuildPhase section */

/* Begin PBXTargetDependency section */
		86CDF6D52B95AC1D001895C7 /* PBXTargetDependency */ = {
			isa = PBXTargetDependency;
			target = 86CDF6C22B95AC1C001895C7 /* ios_example */;
			targetProxy = 86CDF6D42B95AC1D001895C7 /* PBXContainerItemProxy */;
		};
		86CDF6DF2B95AC1D001895C7 /* PBXTargetDependency */ = {
			isa = PBXTargetDependency;
			target = 86CDF6C22B95AC1C001895C7 /* ios_example */;
			targetProxy = 86CDF6DE2B95AC1D001895C7 /* PBXContainerItemProxy */;
		};
/* End PBXTargetDependency section */

/* Begin XCBuildConfiguration section */
		86CDF6E52B95AC1D001895C7 /* Debug */ = {
			isa = XCBuildConfiguration;
			buildSettings = {
				ALWAYS_SEARCH_USER_PATHS = NO;
				ASSETCATALOG_COMPILER_GENERATE_SWIFT_ASSET_SYMBOL_EXTENSIONS = YES;
				CLANG_ANALYZER_NONNULL = YES;
				CLANG_ANALYZER_NUMBER_OBJECT_CONVERSION = YES_AGGRESSIVE;
				CLANG_CXX_LANGUAGE_STANDARD = "gnu++20";
				CLANG_ENABLE_MODULES = YES;
				CLANG_ENABLE_OBJC_ARC = YES;
				CLANG_ENABLE_OBJC_WEAK = YES;
				CLANG_WARN_BLOCK_CAPTURE_AUTORELEASING = YES;
				CLANG_WARN_BOOL_CONVERSION = YES;
				CLANG_WARN_COMMA = YES;
				CLANG_WARN_CONSTANT_CONVERSION = YES;
				CLANG_WARN_DEPRECATED_OBJC_IMPLEMENTATIONS = YES;
				CLANG_WARN_DIRECT_OBJC_ISA_USAGE = YES_ERROR;
				CLANG_WARN_DOCUMENTATION_COMMENTS = YES;
				CLANG_WARN_EMPTY_BODY = YES;
				CLANG_WARN_ENUM_CONVERSION = YES;
				CLANG_WARN_INFINITE_RECURSION = YES;
				CLANG_WARN_INT_CONVERSION = YES;
				CLANG_WARN_NON_LITERAL_NULL_CONVERSION = YES;
				CLANG_WARN_OBJC_IMPLICIT_RETAIN_SELF = YES;
				CLANG_WARN_OBJC_LITERAL_CONVERSION = YES;
				CLANG_WARN_OBJC_ROOT_CLASS = YES_ERROR;
				CLANG_WARN_QUOTED_INCLUDE_IN_FRAMEWORK_HEADER = YES;
				CLANG_WARN_RANGE_LOOP_ANALYSIS = YES;
				CLANG_WARN_STRICT_PROTOTYPES = YES;
				CLANG_WARN_SUSPICIOUS_MOVE = YES;
				CLANG_WARN_UNGUARDED_AVAILABILITY = YES_AGGRESSIVE;
				CLANG_WARN_UNREACHABLE_CODE = YES;
				CLANG_WARN__DUPLICATE_METHOD_MATCH = YES;
				COPY_PHASE_STRIP = NO;
				DEBUG_INFORMATION_FORMAT = dwarf;
				ENABLE_STRICT_OBJC_MSGSEND = YES;
				ENABLE_TESTABILITY = YES;
				ENABLE_USER_SCRIPT_SANDBOXING = NO;
				GCC_C_LANGUAGE_STANDARD = gnu17;
				GCC_DYNAMIC_NO_PIC = NO;
				GCC_NO_COMMON_BLOCKS = YES;
				GCC_OPTIMIZATION_LEVEL = 0;
				GCC_PREPROCESSOR_DEFINITIONS = (
					"DEBUG=1",
					"$(inherited)",
				);
				GCC_WARN_64_TO_32_BIT_CONVERSION = YES;
				GCC_WARN_ABOUT_RETURN_TYPE = YES_ERROR;
				GCC_WARN_UNDECLARED_SELECTOR = YES;
				GCC_WARN_UNINITIALIZED_AUTOS = YES_AGGRESSIVE;
				GCC_WARN_UNUSED_FUNCTION = YES;
				GCC_WARN_UNUSED_VARIABLE = YES;
				IPHONEOS_DEPLOYMENT_TARGET = 17.2;
				LOCALIZATION_PREFERS_STRING_CATALOGS = YES;
				MTL_ENABLE_DEBUG_INFO = INCLUDE_SOURCE;
				MTL_FAST_MATH = YES;
				ONLY_ACTIVE_ARCH = YES;
				SDKROOT = iphoneos;
				SWIFT_ACTIVE_COMPILATION_CONDITIONS = "DEBUG $(inherited)";
				SWIFT_OPTIMIZATION_LEVEL = "-Onone";
			};
			name = Debug;
		};
		86CDF6E62B95AC1D001895C7 /* Release */ = {
			isa = XCBuildConfiguration;
			buildSettings = {
				ALWAYS_SEARCH_USER_PATHS = NO;
				ASSETCATALOG_COMPILER_GENERATE_SWIFT_ASSET_SYMBOL_EXTENSIONS = YES;
				CLANG_ANALYZER_NONNULL = YES;
				CLANG_ANALYZER_NUMBER_OBJECT_CONVERSION = YES_AGGRESSIVE;
				CLANG_CXX_LANGUAGE_STANDARD = "gnu++20";
				CLANG_ENABLE_MODULES = YES;
				CLANG_ENABLE_OBJC_ARC = YES;
				CLANG_ENABLE_OBJC_WEAK = YES;
				CLANG_WARN_BLOCK_CAPTURE_AUTORELEASING = YES;
				CLANG_WARN_BOOL_CONVERSION = YES;
				CLANG_WARN_COMMA = YES;
				CLANG_WARN_CONSTANT_CONVERSION = YES;
				CLANG_WARN_DEPRECATED_OBJC_IMPLEMENTATIONS = YES;
				CLANG_WARN_DIRECT_OBJC_ISA_USAGE = YES_ERROR;
				CLANG_WARN_DOCUMENTATION_COMMENTS = YES;
				CLANG_WARN_EMPTY_BODY = YES;
				CLANG_WARN_ENUM_CONVERSION = YES;
				CLANG_WARN_INFINITE_RECURSION = YES;
				CLANG_WARN_INT_CONVERSION = YES;
				CLANG_WARN_NON_LITERAL_NULL_CONVERSION = YES;
				CLANG_WARN_OBJC_IMPLICIT_RETAIN_SELF = YES;
				CLANG_WARN_OBJC_LITERAL_CONVERSION = YES;
				CLANG_WARN_OBJC_ROOT_CLASS = YES_ERROR;
				CLANG_WARN_QUOTED_INCLUDE_IN_FRAMEWORK_HEADER = YES;
				CLANG_WARN_RANGE_LOOP_ANALYSIS = YES;
				CLANG_WARN_STRICT_PROTOTYPES = YES;
				CLANG_WARN_SUSPICIOUS_MOVE = YES;
				CLANG_WARN_UNGUARDED_AVAILABILITY = YES_AGGRESSIVE;
				CLANG_WARN_UNREACHABLE_CODE = YES;
				CLANG_WARN__DUPLICATE_METHOD_MATCH = YES;
				COPY_PHASE_STRIP = NO;
				DEBUG_INFORMATION_FORMAT = "dwarf-with-dsym";
				ENABLE_NS_ASSERTIONS = NO;
				ENABLE_STRICT_OBJC_MSGSEND = YES;
				ENABLE_USER_SCRIPT_SANDBOXING = NO;
				GCC_C_LANGUAGE_STANDARD = gnu17;
				GCC_NO_COMMON_BLOCKS = YES;
				GCC_WARN_64_TO_32_BIT_CONVERSION = YES;
				GCC_WARN_ABOUT_RETURN_TYPE = YES_ERROR;
				GCC_WARN_UNDECLARED_SELECTOR = YES;
				GCC_WARN_UNINITIALIZED_AUTOS = YES_AGGRESSIVE;
				GCC_WARN_UNUSED_FUNCTION = YES;
				GCC_WARN_UNUSED_VARIABLE = YES;
				IPHONEOS_DEPLOYMENT_TARGET = 17.2;
				LOCALIZATION_PREFERS_STRING_CATALOGS = YES;
				MTL_ENABLE_DEBUG_INFO = NO;
				MTL_FAST_MATH = YES;
				SDKROOT = iphoneos;
				SWIFT_COMPILATION_MODE = wholemodule;
				VALIDATE_PRODUCT = YES;
			};
			name = Release;
		};
		86CDF6E82B95AC1D001895C7 /* Debug */ = {
			isa = XCBuildConfiguration;
			baseConfigurationReference = CACEE622C305E59A83A8C53A /* Pods-ios_example.debug.xcconfig */;
			buildSettings = {
				ASSETCATALOG_COMPILER_APPICON_NAME = AppIcon;
				ASSETCATALOG_COMPILER_GLOBAL_ACCENT_COLOR_NAME = AccentColor;
				CODE_SIGN_IDENTITY = "Apple Development";
				CODE_SIGN_STYLE = Automatic;
				CURRENT_PROJECT_VERSION = 1;
				DEVELOPMENT_ASSET_PATHS = "\"ios_example/Preview Content\"";
				DEVELOPMENT_TEAM = TG37KG4WDZ;
				ENABLE_PREVIEWS = YES;
				GENERATE_INFOPLIST_FILE = YES;
				INFOPLIST_KEY_LSApplicationCategoryType = "public.app-category.finance";
				INFOPLIST_KEY_NSAppleMusicUsageDescription = "";
				INFOPLIST_KEY_NSCameraUsageDescription = "Camera permission is required to scan QR code";
				INFOPLIST_KEY_NSPhotoLibraryUsageDescription = "Photo Library permission is required to scan QR code";
				INFOPLIST_KEY_UIApplicationSceneManifest_Generation = YES;
				INFOPLIST_KEY_UIApplicationSupportsIndirectInputEvents = YES;
				INFOPLIST_KEY_UILaunchScreen_Generation = YES;
				INFOPLIST_KEY_UISupportedInterfaceOrientations_iPad = "UIInterfaceOrientationPortrait UIInterfaceOrientationPortraitUpsideDown UIInterfaceOrientationLandscapeLeft UIInterfaceOrientationLandscapeRight";
				INFOPLIST_KEY_UISupportedInterfaceOrientations_iPhone = "UIInterfaceOrientationPortrait UIInterfaceOrientationLandscapeLeft UIInterfaceOrientationLandscapeRight";
				IPHONEOS_DEPLOYMENT_TARGET = 17.2;
				LD_RUNPATH_SEARCH_PATHS = (
					"$(inherited)",
					"@executable_path/Frameworks",
				);
				MARKETING_VERSION = 0.0;
				PRODUCT_BUNDLE_IDENTIFIER = "com.kryptogo.ios-example";
				PRODUCT_NAME = "$(TARGET_NAME)";
				PROVISIONING_PROFILE_SPECIFIER = "";
				SWIFT_EMIT_LOC_STRINGS = YES;
				SWIFT_VERSION = 5.0;
				TARGETED_DEVICE_FAMILY = "1,2";
			};
			name = Debug;
		};
		86CDF6E92B95AC1D001895C7 /* Release */ = {
			isa = XCBuildConfiguration;
			baseConfigurationReference = 6550A45902E96B54B8DD7E7E /* Pods-ios_example.release.xcconfig */;
			buildSettings = {
				ASSETCATALOG_COMPILER_APPICON_NAME = AppIcon;
				ASSETCATALOG_COMPILER_GLOBAL_ACCENT_COLOR_NAME = AccentColor;
				CODE_SIGN_IDENTITY = "Apple Development";
				CODE_SIGN_STYLE = Automatic;
				CURRENT_PROJECT_VERSION = 1;
				DEVELOPMENT_ASSET_PATHS = "\"ios_example/Preview Content\"";
				DEVELOPMENT_TEAM = TG37KG4WDZ;
				ENABLE_PREVIEWS = YES;
				GENERATE_INFOPLIST_FILE = YES;
				INFOPLIST_KEY_LSApplicationCategoryType = "public.app-category.finance";
				INFOPLIST_KEY_NSAppleMusicUsageDescription = "";
				INFOPLIST_KEY_NSCameraUsageDescription = "Camera permission is required to scan QR code";
				INFOPLIST_KEY_NSPhotoLibraryUsageDescription = "Photo Library permission is required to scan QR code";
				INFOPLIST_KEY_UIApplicationSceneManifest_Generation = YES;
				INFOPLIST_KEY_UIApplicationSupportsIndirectInputEvents = YES;
				INFOPLIST_KEY_UILaunchScreen_Generation = YES;
				INFOPLIST_KEY_UISupportedInterfaceOrientations_iPad = "UIInterfaceOrientationPortrait UIInterfaceOrientationPortraitUpsideDown UIInterfaceOrientationLandscapeLeft UIInterfaceOrientationLandscapeRight";
				INFOPLIST_KEY_UISupportedInterfaceOrientations_iPhone = "UIInterfaceOrientationPortrait UIInterfaceOrientationLandscapeLeft UIInterfaceOrientationLandscapeRight";
				IPHONEOS_DEPLOYMENT_TARGET = 17.2;
				LD_RUNPATH_SEARCH_PATHS = (
					"$(inherited)",
					"@executable_path/Frameworks",
				);
				MARKETING_VERSION = 0.0;
				PRODUCT_BUNDLE_IDENTIFIER = "com.kryptogo.ios-example";
				PRODUCT_NAME = "$(TARGET_NAME)";
				PROVISIONING_PROFILE_SPECIFIER = "";
				SWIFT_EMIT_LOC_STRINGS = YES;
				SWIFT_VERSION = 5.0;
				TARGETED_DEVICE_FAMILY = "1,2";
			};
			name = Release;
		};
		86CDF6EB2B95AC1D001895C7 /* Debug */ = {
			isa = XCBuildConfiguration;
			baseConfigurationReference = FD0AEFB484378599FD9318B3 /* Pods-ios_exampleTests.debug.xcconfig */;
			buildSettings = {
				ALWAYS_EMBED_SWIFT_STANDARD_LIBRARIES = YES;
				BUNDLE_LOADER = "$(TEST_HOST)";
				CODE_SIGN_STYLE = Automatic;
				CURRENT_PROJECT_VERSION = 1;
				DEVELOPMENT_TEAM = TG37KG4WDZ;
				GENERATE_INFOPLIST_FILE = YES;
				IPHONEOS_DEPLOYMENT_TARGET = 17.2;
				MARKETING_VERSION = 1.0;
				PRODUCT_BUNDLE_IDENTIFIER = "com.kryptogo.ios-exampleTests";
				PRODUCT_NAME = "$(TARGET_NAME)";
				SWIFT_EMIT_LOC_STRINGS = NO;
				SWIFT_VERSION = 5.0;
				TARGETED_DEVICE_FAMILY = "1,2";
				TEST_HOST = "$(BUILT_PRODUCTS_DIR)/ios_example.app/$(BUNDLE_EXECUTABLE_FOLDER_PATH)/ios_example";
			};
			name = Debug;
		};
		86CDF6EC2B95AC1D001895C7 /* Release */ = {
			isa = XCBuildConfiguration;
			baseConfigurationReference = 84D430B5B6039E520AA467AF /* Pods-ios_exampleTests.release.xcconfig */;
			buildSettings = {
				ALWAYS_EMBED_SWIFT_STANDARD_LIBRARIES = YES;
				BUNDLE_LOADER = "$(TEST_HOST)";
				CODE_SIGN_STYLE = Automatic;
				CURRENT_PROJECT_VERSION = 1;
				DEVELOPMENT_TEAM = TG37KG4WDZ;
				GENERATE_INFOPLIST_FILE = YES;
				IPHONEOS_DEPLOYMENT_TARGET = 17.2;
				MARKETING_VERSION = 1.0;
				PRODUCT_BUNDLE_IDENTIFIER = "com.kryptogo.ios-exampleTests";
				PRODUCT_NAME = "$(TARGET_NAME)";
				SWIFT_EMIT_LOC_STRINGS = NO;
				SWIFT_VERSION = 5.0;
				TARGETED_DEVICE_FAMILY = "1,2";
				TEST_HOST = "$(BUILT_PRODUCTS_DIR)/ios_example.app/$(BUNDLE_EXECUTABLE_FOLDER_PATH)/ios_example";
			};
			name = Release;
		};
		86CDF6EE2B95AC1D001895C7 /* Debug */ = {
			isa = XCBuildConfiguration;
			baseConfigurationReference = 83E44D129E170087E19E0F74 /* Pods-ios_example-ios_exampleUITests.debug.xcconfig */;
			buildSettings = {
				ALWAYS_EMBED_SWIFT_STANDARD_LIBRARIES = YES;
				CODE_SIGN_STYLE = Automatic;
				CURRENT_PROJECT_VERSION = 1;
				DEVELOPMENT_TEAM = TG37KG4WDZ;
				GENERATE_INFOPLIST_FILE = YES;
				MARKETING_VERSION = 1.0;
				PRODUCT_BUNDLE_IDENTIFIER = "com.kryptogo.ios-exampleUITests";
				PRODUCT_NAME = "$(TARGET_NAME)";
				SWIFT_EMIT_LOC_STRINGS = NO;
				SWIFT_VERSION = 5.0;
				TARGETED_DEVICE_FAMILY = "1,2";
				TEST_TARGET_NAME = ios_example;
			};
			name = Debug;
		};
		86CDF6EF2B95AC1D001895C7 /* Release */ = {
			isa = XCBuildConfiguration;
			baseConfigurationReference = 70A506BB337769AEB9314789 /* Pods-ios_example-ios_exampleUITests.release.xcconfig */;
			buildSettings = {
				ALWAYS_EMBED_SWIFT_STANDARD_LIBRARIES = YES;
				CODE_SIGN_STYLE = Automatic;
				CURRENT_PROJECT_VERSION = 1;
				DEVELOPMENT_TEAM = TG37KG4WDZ;
				GENERATE_INFOPLIST_FILE = YES;
				MARKETING_VERSION = 1.0;
				PRODUCT_BUNDLE_IDENTIFIER = "com.kryptogo.ios-exampleUITests";
				PRODUCT_NAME = "$(TARGET_NAME)";
				SWIFT_EMIT_LOC_STRINGS = NO;
				SWIFT_VERSION = 5.0;
				TARGETED_DEVICE_FAMILY = "1,2";
				TEST_TARGET_NAME = ios_example;
			};
			name = Release;
		};
/* End XCBuildConfiguration section */

/* Begin XCConfigurationList section */
		86CDF6BE2B95AC1C001895C7 /* Build configuration list for PBXProject "ios_example" */ = {
			isa = XCConfigurationList;
			buildConfigurations = (
				86CDF6E52B95AC1D001895C7 /* Debug */,
				86CDF6E62B95AC1D001895C7 /* Release */,
			);
			defaultConfigurationIsVisible = 0;
			defaultConfigurationName = Release;
		};
		86CDF6E72B95AC1D001895C7 /* Build configuration list for PBXNativeTarget "ios_example" */ = {
			isa = XCConfigurationList;
			buildConfigurations = (
				86CDF6E82B95AC1D001895C7 /* Debug */,
				86CDF6E92B95AC1D001895C7 /* Release */,
			);
			defaultConfigurationIsVisible = 0;
			defaultConfigurationName = Release;
		};
		86CDF6EA2B95AC1D001895C7 /* Build configuration list for PBXNativeTarget "ios_exampleTests" */ = {
			isa = XCConfigurationList;
			buildConfigurations = (
				86CDF6EB2B95AC1D001895C7 /* Debug */,
				86CDF6EC2B95AC1D001895C7 /* Release */,
			);
			defaultConfigurationIsVisible = 0;
			defaultConfigurationName = Release;
		};
		86CDF6ED2B95AC1D001895C7 /* Build configuration list for PBXNativeTarget "ios_exampleUITests" */ = {
			isa = XCConfigurationList;
			buildConfigurations = (
				86CDF6EE2B95AC1D001895C7 /* Debug */,
				86CDF6EF2B95AC1D001895C7 /* Release */,
			);
			defaultConfigurationIsVisible = 0;
			defaultConfigurationName = Release;
		};
/* End XCConfigurationList section */
	};
	rootObject = 86CDF6BB2B95AC1C001895C7 /* Project object */;
}
